# THIS IS AN AUTOGENERATED FILE. DO NOT EDIT THIS FILE DIRECTLY.
# yarn lockfile v1


"@types/chrome@^0.0.37":
  version "0.0.37"
  resolved "https://registry.yarnpkg.com/@types/chrome/-/chrome-0.0.37.tgz#80b12b1dc5314aeec29c8d78e7dfaa333f06f7a9"
  dependencies:
    "@types/filesystem" "*"

"@types/filesystem@*":
  version "0.0.28"
  resolved "https://registry.yarnpkg.com/@types/filesystem/-/filesystem-0.0.28.tgz#3fd7735830f2c7413cb5ac45780bc45904697b0e"
  dependencies:
    "@types/filewriter" "*"

"@types/filewriter@*":
  version "0.0.28"
  resolved "https://registry.yarnpkg.com/@types/filewriter/-/filewriter-0.0.28.tgz#c054e8af4d9dd75db4e63abc76f885168714d4b3"

"@types/zepto@^1.0.28":
  version "1.0.28"
  resolved "https://registry.yarnpkg.com/@types/zepto/-/zepto-1.0.28.tgz#65a77cdee25441a595fba4d68f857cf537aa7e9a"

typescript@^2.1.4:
  version "2.1.4"
  resolved "https://registry.yarnpkg.com/typescript/-/typescript-2.1.4.tgz#b53b69fb841126acb1dd4b397d21daba87572251"
